{
  "version": 4,
  "terraform_version": "1.8.3",
  "serial": 16,
  "lineage": "942f4c29-9af5-3ac4-a117-97bf9d16b4fb",
  "outputs": {
    "kubernetes_crew": {
      "value": {
        "created_at": "ac94b59e-0665-43b5-a36b-c12d8820b80a",
        "description": "Mastering Kubernetes, Github, AWS, as well as Terraform",
        "environment_variables": {
          "KUBIYA_CACHE_FILES": "1",
          "LOG_LEVEL": "INFO"
        },
        "groups": [
          "Admin",
          "Users"
        ],
        "id": "73242d84-af6d-45b1-b104-444938a9a806",
        "image": "ghcr.io/kubiyabot/kubiya-agent:stable",
        "instructions": "",
        "integrations": [
          "kubernetes",
          "slack",
          "jira",
          "github"
        ],
        "is_debug_mode": false,
        "links": [],
        "model": "azure/gpt-4o",
        "name": "Kubernetes Sidekick",
        "owner": "kubiyakubecon@gmail.com",
        "runner": "kubiya-operator",
        "secrets": [],
        "sources": [
          "Kubernetes Capabilities",
          "Slack Capabilities",
          "Jira CLI"
        ],
        "starters": null,
        "tasks": null,
        "tool_sources": [],
        "users": []
      },
      "type": [
        "object",
        {
          "created_at": "string",
          "description": "string",
          "environment_variables": [
            "map",
            "string"
          ],
          "groups": [
            "list",
            "string"
          ],
          "id": "string",
          "image": "string",
          "instructions": "string",
          "integrations": [
            "list",
            "string"
          ],
          "is_debug_mode": "bool",
          "links": [
            "list",
            "string"
          ],
          "model": "string",
          "name": "string",
          "owner": "string",
          "runner": "string",
          "secrets": [
            "list",
            "string"
          ],
          "sources": [
            "list",
            "string"
          ],
          "starters": [
            "list",
            [
              "object",
              {
                "command": "string",
                "name": "string"
              }
            ]
          ],
          "tasks": [
            "list",
            [
              "object",
              {
                "description": "string",
                "name": "string",
                "prompt": "string"
              }
            ]
          ],
          "tool_sources": [
            "list",
            "string"
          ],
          "users": [
            "list",
            "string"
          ]
        }
      ]
    }
  },
  "resources": [
    {
      "mode": "managed",
      "type": "kubiya_agent",
      "name": "kubernetes_crew",
      "provider": "provider[\"registry.terraform.io/kubiya-terraform/kubiya\"]",
      "instances": [
        {
          "schema_version": 0,
          "attributes": {
            "created_at": "ac94b59e-0665-43b5-a36b-c12d8820b80a",
            "description": "Mastering Kubernetes, Github, AWS, as well as Terraform",
            "environment_variables": {
              "KUBIYA_CACHE_FILES": "1",
              "LOG_LEVEL": "INFO"
            },
            "groups": [
              "Admin",
              "Users"
            ],
            "id": "73242d84-af6d-45b1-b104-444938a9a806",
            "image": "ghcr.io/kubiyabot/kubiya-agent:stable",
            "instructions": "",
            "integrations": [
              "kubernetes",
              "slack",
              "jira",
              "github"
            ],
            "is_debug_mode": false,
            "links": [],
            "model": "azure/gpt-4o",
            "name": "Kubernetes Sidekick",
            "owner": "kubiyakubecon@gmail.com",
            "runner": "kubiya-operator",
            "secrets": [],
            "sources": [
              "Kubernetes Capabilities",
              "Slack Capabilities",
              "Jira CLI"
            ],
            "starters": null,
            "tasks": null,
            "tool_sources": [],
            "users": []
          },
          "sensitive_attributes": []
        }
      ]
    }
  ],
  "check_results": null
}
